
Microsoft Visual Studio Solution File, Format Version 12.00
# Visual Studio Version 17
VisualStudioVersion = 17.5.002.0
MinimumVisualStudioVersion = 10.0.40219.1
Project("{9A19103F-16F7-4668-BE54-9A1E7A4F7556}") = "PokerTest", "PokerTest.csproj", "{67320E2A-8FBE-4007-AC20-193EB39B99B1}"
EndProject
Global
	GlobalSection(SolutionConfigurationPlatforms) = preSolution
		Debug|Any CPU = Debug|Any CPU
		Release|Any CPU = Release|Any CPU
	EndGlobalSection
	GlobalSection(ProjectConfigurationPlatforms) = postSolution
		{67320E2A-8FBE-4007-AC20-193EB39B99B1}.Debug|Any CPU.ActiveCfg = Debug|Any CPU
		{67320E2A-8FBE-4007-AC20-193EB39B99B1}.Debug|Any CPU.Build.0 = Debug|Any CPU
		{67320E2A-8FBE-4007-AC20-193EB39B99B1}.Release|Any CPU.ActiveCfg = Release|Any CPU
		{67320E2A-8FBE-4007-AC20-193EB39B99B1}.Release|Any CPU.Build.0 = Release|Any CPU
	EndGlobalSection
	GlobalSection(SolutionProperties) = preSolution
		HideSolutionNode = FALSE
	EndGlobalSection
	GlobalSection(ExtensibilityGlobals) = postSolution
		SolutionGuid = {469A8B67-D168-4382-89F4-B04838CD080D}
	EndGlobalSection
EndGlobal
